
Microsoft Visual Studio Solution File, Format Version 12.00
# Visual Studio 14
VisualStudioVersion = 14.0.25420.1
MinimumVisualStudioVersion = 10.0.40219.1
Project("{FAE04EC0-301F-11D3-BF4B-00C04F79EFBC}") = "googlemaps", "..\..\googlemaps\googlemaps\googlemaps.csproj", "{C6513363-4176-454B-9B14-EA977DF990CD}"
EndProject
Project("{FAE04EC0-301F-11D3-BF4B-00C04F79EFBC}") = "Deliverer.Core", "..\..\..\..\..\Google Drive\school 2016-2017\Cloud Applications\Uber-ijsco-app\sourcecode\deliverer-app\Deliverer.Core\Deliverer.Core.csproj", "{C0ACAE30-05F1-48EC-BD19-E2CF606701DA}"
EndProject
Global
	GlobalSection(SolutionConfigurationPlatforms) = preSolution
		Debug|Any CPU = Debug|Any CPU
		Release|Any CPU = Release|Any CPU
	EndGlobalSection
	GlobalSection(ProjectConfigurationPlatforms) = postSolution
		{C6513363-4176-454B-9B14-EA977DF990CD}.Debug|Any CPU.ActiveCfg = Debug|Any CPU
		{C6513363-4176-454B-9B14-EA977DF990CD}.Debug|Any CPU.Build.0 = Debug|Any CPU
		{C6513363-4176-454B-9B14-EA977DF990CD}.Debug|Any CPU.Deploy.0 = Debug|Any CPU
		{C6513363-4176-454B-9B14-EA977DF990CD}.Release|Any CPU.ActiveCfg = Release|Any CPU
		{C6513363-4176-454B-9B14-EA977DF990CD}.Release|Any CPU.Build.0 = Release|Any CPU
		{C6513363-4176-454B-9B14-EA977DF990CD}.Release|Any CPU.Deploy.0 = Release|Any CPU
		{C0ACAE30-05F1-48EC-BD19-E2CF606701DA}.Debug|Any CPU.ActiveCfg = Debug|Any CPU
		{C0ACAE30-05F1-48EC-BD19-E2CF606701DA}.Debug|Any CPU.Build.0 = Debug|Any CPU
		{C0ACAE30-05F1-48EC-BD19-E2CF606701DA}.Release|Any CPU.ActiveCfg = Release|Any CPU
		{C0ACAE30-05F1-48EC-BD19-E2CF606701DA}.Release|Any CPU.Build.0 = Release|Any CPU
	EndGlobalSection
	GlobalSection(SolutionProperties) = preSolution
		HideSolutionNode = FALSE
	EndGlobalSection
EndGlobal
